# This file is automatically @generated by Cargo.
# It is not intended for manual editing.
version = 4

[[package]]
name = "gen-corpus"
version = "0.0.1"

[[package]]
name = "papyrine-app"
version = "0.0.1"

[[package]]
name = "papyrine-content"
version = "0.0.1"

[[package]]
name = "papyrine-core"
version = "0.0.1"

[[package]]
name = "papyrine-cos"
version = "0.0.1"

[[package]]
name = "papyrine-engine"
version = "0.0.1"

[[package]]
name = "papyrine-ipc"
version = "0.0.1"

[[package]]
name = "papyrine-model"
version = "0.0.1"

[[package]]
name = "papyrine-ops"
version = "0.0.1"

[[package]]
name = "papyrine-render"
version = "0.0.1"

[[package]]
name = "papyrine-sandbox"
version = "0.0.1"

[[package]]
name = "papyrine-text"
version = "0.0.1"

[[package]]
name = "papyrine-writer"
version = "0.0.1"

[[package]]
name = "qpdf-sys"
version = "0.0.1"
